// !$*UTF8*$!
{
	archiveVersion = 1;
	classes = {
	};
	objectVersion = 51;
	objects = {

/* Begin PBXBuildFile section */
		0464D42F7F967D9A61FBF2A3 /* Pods_SPVision_SPVisionUITests.framework in Frameworks */ = {isa = PBXBuildFile; fileRef = 3AEBCC5B80CD322284F24674 /* Pods_SPVision_SPVisionUITests.framework */; };
		9AB6418DE6D65E68D51E8205 /* Pods_SPVisionTests.framework in Frameworks */ = {isa = PBXBuildFile; fileRef = 4CEA4ABD0A7453B83295D1B9 /* Pods_SPVisionTests.framework */; };
		B5AF1F4A250132BF0049CDFB /* ImageClassifierSP.mlmodel in Sources */ = {isa = PBXBuildFile; fileRef = B5AF1F49250132BF0049CDFB /* ImageClassifierSP.mlmodel */; };
		B5F46A522500D53500159C91 /* AppDelegate.swift in Sources */ = {isa = PBXBuildFile; fileRef = B5F46A512500D53500159C91 /* AppDelegate.swift */; };
		B5F46A542500D53500159C91 /* SceneDelegate.swift in Sources */ = {isa = PBXBuildFile; fileRef = B5F46A532500D53500159C91 /* SceneDelegate.swift */; };
		B5F46A562500D53500159C91 /* ViewController.swift in Sources */ = {isa = PBXBuildFile; fileRef = B5F46A552500D53500159C91 /* ViewController.swift */; };
		B5F46A592500D53500159C91 /* Main.storyboard in Resources */ = {isa = PBXBuildFile; fileRef = B5F46A572500D53500159C91 /* Main.storyboard */; };
		B5F46A5C2500D53500159C91 /* SPVision.xcdatamodeld in Sources */ = {isa = PBXBuildFile; fileRef = B5F46A5A2500D53500159C91 /* SPVision.xcdatamodeld */; };
		B5F46A5E2500D53700159C91 /* Assets.xcassets in Resources */ = {isa = PBXBuildFile; fileRef = B5F46A5D2500D53700159C91 /* Assets.xcassets */; };
		B5F46A612500D53700159C91 /* LaunchScreen.storyboard in Resources */ = {isa = PBXBuildFile; fileRef = B5F46A5F2500D53700159C91 /* LaunchScreen.storyboard */; };
		B5F46A6C2500D53700159C91 /* SPVisionTests.swift in Sources */ = {isa = PBXBuildFile; fileRef = B5F46A6B2500D53700159C91 /* SPVisionTests.swift */; };
		B5F46A772500D53700159C91 /* SPVisionUITests.swift in Sources */ = {isa = PBXBuildFile; fileRef = B5F46A762500D53700159C91 /* SPVisionUITests.swift */; };
		B5F46A862500DDDD00159C91 /* ImageClassifier.mlmodel in Sources */ = {isa = PBXBuildFile; fileRef = B5F46A852500DDDD00159C91 /* ImageClassifier.mlmodel */; };
		B5F46A882500FACF00159C91 /* GoogleService-Info.plist in Resources */ = {isa = PBXBuildFile; fileRef = B5F46A872500FACF00159C91 /* GoogleService-Info.plist */; };
		E104966ECAC317CC316771A9 /* Pods_SPVision.framework in Frameworks */ = {isa = PBXBuildFile; fileRef = C9EBE0FD3D87EEB927FF3B42 /* Pods_SPVision.framework */; };
/* End PBXBuildFile section */

/* Begin PBXContainerItemProxy section */
		B5F46A682500D53700159C91 /* PBXContainerItemProxy */ = {
			isa = PBXContainerItemProxy;
			containerPortal = B5F46A462500D53500159C91 /* Project object */;
			proxyType = 1;
			remoteGlobalIDString = B5F46A4D2500D53500159C91;
			remoteInfo = SPVision;
		};
		B5F46A732500D53700159C91 /* PBXContainerItemProxy */ = {
			isa = PBXContainerItemProxy;
			containerPortal = B5F46A462500D53500159C91 /* Project object */;
			proxyType = 1;
			remoteGlobalIDString = B5F46A4D2500D53500159C91;
			remoteInfo = SPVision;
		};
/* End PBXContainerItemProxy section */

/* Begin PBXFileReference section */
		1F072205092CB43CF1D9F837 /* Pods-SPVision-SPVisionUITests.debug.xcconfig */ = {isa = PBXFileReference; includeInIndex = 1; lastKnownFileType = text.xcconfig; name = "Pods-SPVision-SPVisionUITests.debug.xcconfig"; path = "Target Support Files/Pods-SPVision-SPVisionUITests/Pods-SPVision-SPVisionUITests.debug.xcconfig"; sourceTree = "<group>"; };
		2FDD965D5BE055074426088E /* Pods-SPVision.debug.xcconfig */ = {isa = PBXFileReference; includeInIndex = 1; lastKnownFileType = text.xcconfig; name = "Pods-SPVision.debug.xcconfig"; path = "Target Support Files/Pods-SPVision/Pods-SPVision.debug.xcconfig"; sourceTree = "<group>"; };
		315F3C76CC0F3AE7DA0254A1 /* Pods-SPVision-SPVisionUITests.release.xcconfig */ = {isa = PBXFileReference; includeInIndex = 1; lastKnownFileType = text.xcconfig; name = "Pods-SPVision-SPVisionUITests.release.xcconfig"; path = "Target Support Files/Pods-SPVision-SPVisionUITests/Pods-SPVision-SPVisionUITests.release.xcconfig"; sourceTree = "<group>"; };
		3AEBCC5B80CD322284F24674 /* Pods_SPVision_SPVisionUITests.framework */ = {isa = PBXFileReference; explicitFileType = wrapper.framework; includeInIndex = 0; path = Pods_SPVision_SPVisionUITests.framework; sourceTree = BUILT_PRODUCTS_DIR; };
		43D6FCD34067BD1A53DC0AB6 /* Pods-SPVisionTests.debug.xcconfig */ = {isa = PBXFileReference; includeInIndex = 1; lastKnownFileType = text.xcconfig; name = "Pods-SPVisionTests.debug.xcconfig"; path = "Target Support Files/Pods-SPVisionTests/Pods-SPVisionTests.debug.xcconfig"; sourceTree = "<group>"; };
		49E121C9E146969FFC5426AE /* Pods-SPVision.release.xcconfig */ = {isa = PBXFileReference; includeInIndex = 1; lastKnownFileType = text.xcconfig; name = "Pods-SPVision.release.xcconfig"; path = "Target Support Files/Pods-SPVision/Pods-SPVision.release.xcconfig"; sourceTree = "<group>"; };
		4CEA4ABD0A7453B83295D1B9 /* Pods_SPVisionTests.framework */ = {isa = PBXFileReference; explicitFileType = wrapper.framework; includeInIndex = 0; path = Pods_SPVisionTests.framework; sourceTree = BUILT_PRODUCTS_DIR; };
		54A48848F71E1CA339F03F8A /* Pods-SPVisionTests.release.xcconfig */ = {isa = PBXFileReference; includeInIndex = 1; lastKnownFileType = text.xcconfig; name = "Pods-SPVisionTests.release.xcconfig"; path = "Target Support Files/Pods-SPVisionTests/Pods-SPVisionTests.release.xcconfig"; sourceTree = "<group>"; };
		B5AF1F49250132BF0049CDFB /* ImageClassifierSP.mlmodel */ = {isa = PBXFileReference; lastKnownFileType = file.mlmodel; path = ImageClassifierSP.mlmodel; sourceTree = "<group>"; };
		B5F46A4E2500D53500159C91 /* SPVision.app */ = {isa = PBXFileReference; explicitFileType = wrapper.application; includeInIndex = 0; path = SPVision.app; sourceTree = BUILT_PRODUCTS_DIR; };
		B5F46A512500D53500159C91 /* AppDelegate.swift */ = {isa = PBXFileReference; lastKnownFileType = sourcecode.swift; path = AppDelegate.swift; sourceTree = "<group>"; };
		B5F46A532500D53500159C91 /* SceneDelegate.swift */ = {isa = PBXFileReference; lastKnownFileType = sourcecode.swift; path = SceneDelegate.swift; sourceTree = "<group>"; };
		B5F46A552500D53500159C91 /* ViewController.swift */ = {isa = PBXFileReference; lastKnownFileType = sourcecode.swift; path = ViewController.swift; sourceTree = "<group>"; };
		B5F46A582500D53500159C91 /* Base */ = {isa = PBXFileReference; lastKnownFileType = file.storyboard; name = Base; path = Base.lproj/Main.storyboard; sourceTree = "<group>"; };
		B5F46A5B2500D53500159C91 /* SPVision.xcdatamodel */ = {isa = PBXFileReference; lastKnownFileType = wrapper.xcdatamodel; path = SPVision.xcdatamodel; sourceTree = "<group>"; };
		B5F46A5D2500D53700159C91 /* Assets.xcassets */ = {isa = PBXFileReference; lastKnownFileType = folder.assetcatalog; path = Assets.xcassets; sourceTree = "<group>"; };
		B5F46A602500D53700159C91 /* Base */ = {isa = PBXFileReference; lastKnownFileType = file.storyboard; name = Base; path = Base.lproj/LaunchScreen.storyboard; sourceTree = "<group>"; };
		B5F46A622500D53700159C91 /* Info.plist */ = {isa = PBXFileReference; lastKnownFileType = text.plist.xml; path = Info.plist; sourceTree = "<group>"; };
		B5F46A672500D53700159C91 /* SPVisionTests.xctest */ = {isa = PBXFileReference; explicitFileType = wrapper.cfbundle; includeInIndex = 0; path = SPVisionTests.xctest; sourceTree = BUILT_PRODUCTS_DIR; };
		B5F46A6B2500D53700159C91 /* SPVisionTests.swift */ = {isa = PBXFileReference; lastKnownFileType = sourcecode.swift; path = SPVisionTests.swift; sourceTree = "<group>"; };
		B5F46A6D2500D53700159C91 /* Info.plist */ = {isa = PBXFileReference; lastKnownFileType = text.plist.xml; path = Info.plist; sourceTree = "<group>"; };
		B5F46A722500D53700159C91 /* SPVisionUITests.xctest */ = {isa = PBXFileReference; explicitFileType = wrapper.cfbundle; includeInIndex = 0; path = SPVisionUITests.xctest; sourceTree = BUILT_PRODUCTS_DIR; };
		B5F46A762500D53700159C91 /* SPVisionUITests.swift */ = {isa = PBXFileReference; lastKnownFileType = sourcecode.swift; path = SPVisionUITests.swift; sourceTree = "<group>"; };
		B5F46A782500D53700159C91 /* Info.plist */ = {isa = PBXFileReference; lastKnownFileType = text.plist.xml; path = Info.plist; sourceTree = "<group>"; };
		B5F46A852500DDDD00159C91 /* ImageClassifier.mlmodel */ = {isa = PBXFileReference; lastKnownFileType = file.mlmodel; path = ImageClassifier.mlmodel; sourceTree = "<group>"; };
		B5F46A872500FACF00159C91 /* GoogleService-Info.plist */ = {isa = PBXFileReference; fileEncoding = 4; lastKnownFileType = text.plist.xml; path = "GoogleService-Info.plist"; sourceTree = "<group>"; };
		C9EBE0FD3D87EEB927FF3B42 /* Pods_SPVision.framework */ = {isa = PBXFileReference; explicitFileType = wrapper.framework; includeInIndex = 0; path = Pods_SPVision.framework; sourceTree = BUILT_PRODUCTS_DIR; };
/* End PBXFileReference section */

/* Begin PBXFrameworksBuildPhase section */
		B5F46A4B2500D53500159C91 /* Frameworks */ = {
			isa = PBXFrameworksBuildPhase;
			buildActionMask = 2147483647;
			files = (
				E104966ECAC317CC316771A9 /* Pods_SPVision.framework in Frameworks */,
			);
			runOnlyForDeploymentPostprocessing = 0;
		};
		B5F46A642500D53700159C91 /* Frameworks */ = {
			isa = PBXFrameworksBuildPhase;
			buildActionMask = 2147483647;
			files = (
				9AB6418DE6D65E68D51E8205 /* Pods_SPVisionTests.framework in Frameworks */,
			);
			runOnlyForDeploymentPostprocessing = 0;
		};
		B5F46A6F2500D53700159C91 /* Frameworks */ = {
			isa = PBXFrameworksBuildPhase;
			buildActionMask = 2147483647;
			files = (
				0464D42F7F967D9A61FBF2A3 /* Pods_SPVision_SPVisionUITests.framework in Frameworks */,
			);
			runOnlyForDeploymentPostprocessing = 0;
		};
/* End PBXFrameworksBuildPhase section */

/* Begin PBXGroup section */
		5CDD2E74540C7E7F72558061 /* Pods */ = {
			isa = PBXGroup;
			children = (
				2FDD965D5BE055074426088E /* Pods-SPVision.debug.xcconfig */,
				49E121C9E146969FFC5426AE /* Pods-SPVision.release.xcconfig */,
				1F072205092CB43CF1D9F837 /* Pods-SPVision-SPVisionUITests.debug.xcconfig */,
				315F3C76CC0F3AE7DA0254A1 /* Pods-SPVision-SPVisionUITests.release.xcconfig */,
				43D6FCD34067BD1A53DC0AB6 /* Pods-SPVisionTests.debug.xcconfig */,
				54A48848F71E1CA339F03F8A /* Pods-SPVisionTests.release.xcconfig */,
			);
			path = Pods;
			sourceTree = "<group>";
		};
		92DF99EBAB047635FD922DF6 /* Frameworks */ = {
			isa = PBXGroup;
			children = (
				C9EBE0FD3D87EEB927FF3B42 /* Pods_SPVision.framework */,
				3AEBCC5B80CD322284F24674 /* Pods_SPVision_SPVisionUITests.framework */,
				4CEA4ABD0A7453B83295D1B9 /* Pods_SPVisionTests.framework */,
			);
			name = Frameworks;
			sourceTree = "<group>";
		};
		B5F46A452500D53500159C91 = {
			isa = PBXGroup;
			children = (
				B5F46A502500D53500159C91 /* SPVision */,
				B5F46A6A2500D53700159C91 /* SPVisionTests */,
				B5F46A752500D53700159C91 /* SPVisionUITests */,
				B5F46A4F2500D53500159C91 /* Products */,
				5CDD2E74540C7E7F72558061 /* Pods */,
				92DF99EBAB047635FD922DF6 /* Frameworks */,
			);
			sourceTree = "<group>";
		};
		B5F46A4F2500D53500159C91 /* Products */ = {
			isa = PBXGroup;
			children = (
				B5F46A4E2500D53500159C91 /* SPVision.app */,
				B5F46A672500D53700159C91 /* SPVisionTests.xctest */,
				B5F46A722500D53700159C91 /* SPVisionUITests.xctest */,
			);
			name = Products;
			sourceTree = "<group>";
		};
		B5F46A502500D53500159C91 /* SPVision */ = {
			isa = PBXGroup;
			children = (
				B5F46A842500DDC100159C91 /* ML Model */,
				B5F46A512500D53500159C91 /* AppDelegate.swift */,
				B5AF1F49250132BF0049CDFB /* ImageClassifierSP.mlmodel */,
				B5F46A852500DDDD00159C91 /* ImageClassifier.mlmodel */,
				B5F46A532500D53500159C91 /* SceneDelegate.swift */,
				B5F46A552500D53500159C91 /* ViewController.swift */,
				B5F46A572500D53500159C91 /* Main.storyboard */,
				B5F46A5D2500D53700159C91 /* Assets.xcassets */,
				B5F46A5F2500D53700159C91 /* LaunchScreen.storyboard */,
				B5F46A622500D53700159C91 /* Info.plist */,
				B5F46A872500FACF00159C91 /* GoogleService-Info.plist */,
				B5F46A5A2500D53500159C91 /* SPVision.xcdatamodeld */,
			);
			path = SPVision;
			sourceTree = "<group>";
		};
		B5F46A6A2500D53700159C91 /* SPVisionTests */ = {
			isa = PBXGroup;
			children = (
				B5F46A6B2500D53700159C91 /* SPVisionTests.swift */,
				B5F46A6D2500D53700159C91 /* Info.plist */,
			);
			path = SPVisionTests;
			sourceTree = "<group>";
		};
		B5F46A752500D53700159C91 /* SPVisionUITests */ = {
			isa = PBXGroup;
			children = (
				B5F46A762500D53700159C91 /* SPVisionUITests.swift */,
				B5F46A782500D53700159C91 /* Info.plist */,
			);
			path = SPVisionUITests;
			sourceTree = "<group>";
		};
		B5F46A842500DDC100159C91 /* ML Model */ = {
			isa = PBXGroup;
			children = (
			);
			path = "ML Model";
			sourceTree = "<group>";
		};
/* End PBXGroup section */

/* Begin PBXNativeTarget section */
		B5F46A4D2500D53500159C91 /* SPVision */ = {
			isa = PBXNativeTarget;
			buildConfigurationList = B5F46A7B2500D53700159C91 /* Build configuration list for PBXNativeTarget "SPVision" */;
			buildPhases = (
				983073949E718ACEFA4BD00E /* [CP] Check Pods Manifest.lock */,
				B5F46A4A2500D53500159C91 /* Sources */,
				B5F46A4B2500D53500159C91 /* Frameworks */,
				B5F46A4C2500D53500159C91 /* Resources */,
				149D97C623B91150FD690A96 /* [CP] Embed Pods Frameworks */,
			);
			buildRules = (
			);
			dependencies = (
			);
			name = SPVision;
			productName = SPVision;
			productReference = B5F46A4E2500D53500159C91 /* SPVision.app */;
			productType = "com.apple.product-type.application";
		};
		B5F46A662500D53700159C91 /* SPVisionTests */ = {
			isa = PBXNativeTarget;
			buildConfigurationList = B5F46A7E2500D53700159C91 /* Build configuration list for PBXNativeTarget "SPVisionTests" */;
			buildPhases = (
				0B7E5F3B02FDE8BB137991C1 /* [CP] Check Pods Manifest.lock */,
				B5F46A632500D53700159C91 /* Sources */,
				B5F46A642500D53700159C91 /* Frameworks */,
				B5F46A652500D53700159C91 /* Resources */,
			);
			buildRules = (
			);
			dependencies = (
				B5F46A692500D53700159C91 /* PBXTargetDependency */,
			);
			name = SPVisionTests;
			productName = SPVisionTests;
			productReference = B5F46A672500D53700159C91 /* SPVisionTests.xctest */;
			productType = "com.apple.product-type.bundle.unit-test";
		};
		B5F46A712500D53700159C91 /* SPVisionUITests */ = {
			isa = PBXNativeTarget;
			buildConfigurationList = B5F46A812500D53700159C91 /* Build configuration list for PBXNativeTarget "SPVisionUITests" */;
			buildPhases = (
				562459909CB0112C66F9879D /* [CP] Check Pods Manifest.lock */,
				B5F46A6E2500D53700159C91 /* Sources */,
				B5F46A6F2500D53700159C91 /* Frameworks */,
				B5F46A702500D53700159C91 /* Resources */,
				59A8CF0616175F2A3B64C512 /* [CP] Embed Pods Frameworks */,
			);
			buildRules = (
			);
			dependencies = (
				B5F46A742500D53700159C91 /* PBXTargetDependency */,
			);
			name = SPVisionUITests;
			productName = SPVisionUITests;
			productReference = B5F46A722500D53700159C91 /* SPVisionUITests.xctest */;
			productType = "com.apple.product-type.bundle.ui-testing";
		};
/* End PBXNativeTarget section */

/* Begin PBXProject section */
		B5F46A462500D53500159C91 /* Project object */ = {
			isa = PBXProject;
			attributes = {
				LastSwiftUpdateCheck = 1160;
				LastUpgradeCheck = 1160;
				ORGANIZATIONNAME = "Ruben van Breda";
				TargetAttributes = {
					B5F46A4D2500D53500159C91 = {
						CreatedOnToolsVersion = 11.6;
					};
					B5F46A662500D53700159C91 = {
						CreatedOnToolsVersion = 11.6;
						TestTargetID = B5F46A4D2500D53500159C91;
					};
					B5F46A712500D53700159C91 = {
						CreatedOnToolsVersion = 11.6;
						TestTargetID = B5F46A4D2500D53500159C91;
					};
				};
			};
			buildConfigurationList = B5F46A492500D53500159C91 /* Build configuration list for PBXProject "SPVision" */;
			compatibilityVersion = "Xcode 9.3";
			developmentRegion = en;
			hasScannedForEncodings = 0;
			knownRegions = (
				en,
				Base,
			);
			mainGroup = B5F46A452500D53500159C91;
			productRefGroup = B5F46A4F2500D53500159C91 /* Products */;
			projectDirPath = "";
			projectRoot = "";
			targets = (
				B5F46A4D2500D53500159C91 /* SPVision */,
				B5F46A662500D53700159C91 /* SPVisionTests */,
				B5F46A712500D53700159C91 /* SPVisionUITests */,
			);
		};
/* End PBXProject section */

/* Begin PBXResourcesBuildPhase section */
		B5F46A4C2500D53500159C91 /* Resources */ = {
			isa = PBXResourcesBuildPhase;
			buildActionMask = 2147483647;
			files = (
				B5F46A612500D53700159C91 /* LaunchScreen.storyboard in Resources */,
				B5F46A882500FACF00159C91 /* GoogleService-Info.plist in Resources */,
				B5F46A5E2500D53700159C91 /* Assets.xcassets in Resources */,
				B5F46A592500D53500159C91 /* Main.storyboard in Resources */,
			);
			runOnlyForDeploymentPostprocessing = 0;
		};
		B5F46A652500D53700159C91 /* Resources */ = {
			isa = PBXResourcesBuildPhase;
			buildActionMask = 2147483647;
			files = (
			);
			runOnlyForDeploymentPostprocessing = 0;
		};
		B5F46A702500D53700159C91 /* Resources */ = {
			isa = PBXResourcesBuildPhase;
			buildActionMask = 2147483647;
			files = (
			);
			runOnlyForDeploymentPostprocessing = 0;
		};
/* End PBXResourcesBuildPhase section */

/* Begin PBXShellScriptBuildPhase section */
		0B7E5F3B02FDE8BB137991C1 /* [CP] Check Pods Manifest.lock */ = {
			isa = PBXShellScriptBuildPhase;
			buildActionMask = 2147483647;
			files = (
			);
			inputFileListPaths = (
			);
			inputPaths = (
				"${PODS_PODFILE_DIR_PATH}/Podfile.lock",
				"${PODS_ROOT}/Manifest.lock",
			);
			name = "[CP] Check Pods Manifest.lock";
			outputFileListPaths = (
			);
			outputPaths = (
				"$(DERIVED_FILE_DIR)/Pods-SPVisionTests-checkManifestLockResult.txt",
			);
			runOnlyForDeploymentPostprocessing = 0;
			shellPath = /bin/sh;
			shellScript = "diff \"${PODS_PODFILE_DIR_PATH}/Podfile.lock\" \"${PODS_ROOT}/Manifest.lock\" > /dev/null\nif [ $? != 0 ] ; then\n    # print error to STDERR\n    echo \"error: The sandbox is not in sync with the Podfile.lock. Run 'pod install' or update your CocoaPods installation.\" >&2\n    exit 1\nfi\n# This output is used by Xcode 'outputs' to avoid re-running this script phase.\necho \"SUCCESS\" > \"${SCRIPT_OUTPUT_FILE_0}\"\n";
			showEnvVarsInLog = 0;
		};
		149D97C623B91150FD690A96 /* [CP] Embed Pods Frameworks */ = {
			isa = PBXShellScriptBuildPhase;
			buildActionMask = 2147483647;
			files = (
			);
			inputFileListPaths = (
				"${PODS_ROOT}/Target Support Files/Pods-SPVision/Pods-SPVision-frameworks-${CONFIGURATION}-input-files.xcfilelist",
			);
			name = "[CP] Embed Pods Frameworks";
			outputFileListPaths = (
				"${PODS_ROOT}/Target Support Files/Pods-SPVision/Pods-SPVision-frameworks-${CONFIGURATION}-output-files.xcfilelist",
			);
			runOnlyForDeploymentPostprocessing = 0;
			shellPath = /bin/sh;
			shellScript = "\"${PODS_ROOT}/Target Support Files/Pods-SPVision/Pods-SPVision-frameworks.sh\"\n";
			showEnvVarsInLog = 0;
		};
		562459909CB0112C66F9879D /* [CP] Check Pods Manifest.lock */ = {
			isa = PBXShellScriptBuildPhase;
			buildActionMask = 2147483647;
			files = (
			);
			inputFileListPaths = (
			);
			inputPaths = (
				"${PODS_PODFILE_DIR_PATH}/Podfile.lock",
				"${PODS_ROOT}/Manifest.lock",
			);
			name = "[CP] Check Pods Manifest.lock";
			outputFileListPaths = (
			);
			outputPaths = (
				"$(DERIVED_FILE_DIR)/Pods-SPVision-SPVisionUITests-checkManifestLockResult.txt",
			);
			runOnlyForDeploymentPostprocessing = 0;
			shellPath = /bin/sh;
			shellScript = "diff \"${PODS_PODFILE_DIR_PATH}/Podfile.lock\" \"${PODS_ROOT}/Manifest.lock\" > /dev/null\nif [ $? != 0 ] ; then\n    # print error to STDERR\n    echo \"error: The sandbox is not in sync with the Podfile.lock. Run 'pod install' or update your CocoaPods installation.\" >&2\n    exit 1\nfi\n# This output is used by Xcode 'outputs' to avoid re-running this script phase.\necho \"SUCCESS\" > \"${SCRIPT_OUTPUT_FILE_0}\"\n";
			showEnvVarsInLog = 0;
		};
		59A8CF0616175F2A3B64C512 /* [CP] Embed Pods Frameworks */ = {
			isa = PBXShellScriptBuildPhase;
			buildActionMask = 2147483647;
			files = (
			);
			inputFileListPaths = (
				"${PODS_ROOT}/Target Support Files/Pods-SPVision-SPVisionUITests/Pods-SPVision-SPVisionUITests-frameworks-${CONFIGURATION}-input-files.xcfilelist",
			);
			name = "[CP] Embed Pods Frameworks";
			outputFileListPaths = (
				"${PODS_ROOT}/Target Support Files/Pods-SPVision-SPVisionUITests/Pods-SPVision-SPVisionUITests-frameworks-${CONFIGURATION}-output-files.xcfilelist",
			);
			runOnlyForDeploymentPostprocessing = 0;
			shellPath = /bin/sh;
			shellScript = "\"${PODS_ROOT}/Target Support Files/Pods-SPVision-SPVisionUITests/Pods-SPVision-SPVisionUITests-frameworks.sh\"\n";
			showEnvVarsInLog = 0;
		};
		983073949E718ACEFA4BD00E /* [CP] Check Pods Manifest.lock */ = {
			isa = PBXShellScriptBuildPhase;
			buildActionMask = 2147483647;
			files = (
			);
			inputFileListPaths = (
			);
			inputPaths = (
				"${PODS_PODFILE_DIR_PATH}/Podfile.lock",
				"${PODS_ROOT}/Manifest.lock",
			);
			name = "[CP] Check Pods Manifest.lock";
			outputFileListPaths = (
			);
			outputPaths = (
				"$(DERIVED_FILE_DIR)/Pods-SPVision-checkManifestLockResult.txt",
			);
			runOnlyForDeploymentPostprocessing = 0;
			shellPath = /bin/sh;
			shellScript = "diff \"${PODS_PODFILE_DIR_PATH}/Podfile.lock\" \"${PODS_ROOT}/Manifest.lock\" > /dev/null\nif [ $? != 0 ] ; then\n    # print error to STDERR\n    echo \"error: The sandbox is not in sync with the Podfile.lock. Run 'pod install' or update your CocoaPods installation.\" >&2\n    exit 1\nfi\n# This output is used by Xcode 'outputs' to avoid re-running this script phase.\necho \"SUCCESS\" > \"${SCRIPT_OUTPUT_FILE_0}\"\n";
			showEnvVarsInLog = 0;
		};
/* End PBXShellScriptBuildPhase section */

/* Begin PBXSourcesBuildPhase section */
		B5F46A4A2500D53500159C91 /* Sources */ = {
			isa = PBXSourcesBuildPhase;
			buildActionMask = 2147483647;
			files = (
				B5F46A5C2500D53500159C91 /* SPVision.xcdatamodeld in Sources */,
				B5F46A562500D53500159C91 /* ViewController.swift in Sources */,
				B5F46A522500D53500159C91 /* AppDelegate.swift in Sources */,
				B5F46A542500D53500159C91 /* SceneDelegate.swift in Sources */,
				B5AF1F4A250132BF0049CDFB /* ImageClassifierSP.mlmodel in Sources */,
				B5F46A862500DDDD00159C91 /* ImageClassifier.mlmodel in Sources */,
			);
			runOnlyForDeploymentPostprocessing = 0;
		};
		B5F46A632500D53700159C91 /* Sources */ = {
			isa = PBXSourcesBuildPhase;
			buildActionMask = 2147483647;
			files = (
				B5F46A6C2500D53700159C91 /* SPVisionTests.swift in Sources */,
			);
			runOnlyForDeploymentPostprocessing = 0;
		};
		B5F46A6E2500D53700159C91 /* Sources */ = {
			isa = PBXSourcesBuildPhase;
			buildActionMask = 2147483647;
			files = (
				B5F46A772500D53700159C91 /* SPVisionUITests.swift in Sources */,
			);
			runOnlyForDeploymentPostprocessing = 0;
		};
/* End PBXSourcesBuildPhase section */

/* Begin PBXTargetDependency section */
		B5F46A692500D53700159C91 /* PBXTargetDependency */ = {
			isa = PBXTargetDependency;
			target = B5F46A4D2500D53500159C91 /* SPVision */;
			targetProxy = B5F46A682500D53700159C91 /* PBXContainerItemProxy */;
		};
		B5F46A742500D53700159C91 /* PBXTargetDependency */ = {
			isa = PBXTargetDependency;
			target = B5F46A4D2500D53500159C91 /* SPVision */;
			targetProxy = B5F46A732500D53700159C91 /* PBXContainerItemProxy */;
		};
/* End PBXTargetDependency section */

/* Begin PBXVariantGroup section */
		B5F46A572500D53500159C91 /* Main.storyboard */ = {
			isa = PBXVariantGroup;
			children = (
				B5F46A582500D53500159C91 /* Base */,
			);
			name = Main.storyboard;
			sourceTree = "<group>";
		};
		B5F46A5F2500D53700159C91 /* LaunchScreen.storyboard */ = {
			isa = PBXVariantGroup;
			children = (
				B5F46A602500D53700159C91 /* Base */,
			);
			name = LaunchScreen.storyboard;
			sourceTree = "<group>";
		};
/* End PBXVariantGroup section */

/* Begin XCBuildConfiguration section */
		B5F46A792500D53700159C91 /* Debug */ = {
			isa = XCBuildConfiguration;
			buildSettings = {
				ALWAYS_SEARCH_USER_PATHS = NO;
				CLANG_ANALYZER_NONNULL = YES;
				CLANG_ANALYZER_NUMBER_OBJECT_CONVERSION = YES_AGGRESSIVE;
				CLANG_CXX_LANGUAGE_STANDARD = "gnu++14";
				CLANG_CXX_LIBRARY = "libc++";
				CLANG_ENABLE_MODULES = YES;
				CLANG_ENABLE_OBJC_ARC = YES;
				CLANG_ENABLE_OBJC_WEAK = YES;
				CLANG_WARN_BLOCK_CAPTURE_AUTORELEASING = YES;
				CLANG_WARN_BOOL_CONVERSION = YES;
				CLANG_WARN_COMMA = YES;
				CLANG_WARN_CONSTANT_CONVERSION = YES;
				CLANG_WARN_DEPRECATED_OBJC_IMPLEMENTATIONS = YES;
				CLANG_WARN_DIRECT_OBJC_ISA_USAGE = YES_ERROR;
				CLANG_WARN_DOCUMENTATION_COMMENTS = YES;
				CLANG_WARN_EMPTY_BODY = YES;
				CLANG_WARN_ENUM_CONVERSION = YES;
				CLANG_WARN_INFINITE_RECURSION = YES;
				CLANG_WARN_INT_CONVERSION = YES;
				CLANG_WARN_NON_LITERAL_NULL_CONVERSION = YES;
				CLANG_WARN_OBJC_IMPLICIT_RETAIN_SELF = YES;
				CLANG_WARN_OBJC_LITERAL_CONVERSION = YES;
				CLANG_WARN_OBJC_ROOT_CLASS = YES_ERROR;
				CLANG_WARN_RANGE_LOOP_ANALYSIS = YES;
				CLANG_WARN_STRICT_PROTOTYPES = YES;
				CLANG_WARN_SUSPICIOUS_MOVE = YES;
				CLANG_WARN_UNGUARDED_AVAILABILITY = YES_AGGRESSIVE;
				CLANG_WARN_UNREACHABLE_CODE = YES;
				CLANG_WARN__DUPLICATE_METHOD_MATCH = YES;
				COPY_PHASE_STRIP = NO;
				DEBUG_INFORMATION_FORMAT = dwarf;
				ENABLE_STRICT_OBJC_MSGSEND = YES;
				ENABLE_TESTABILITY = YES;
				GCC_C_LANGUAGE_STANDARD = gnu11;
				GCC_DYNAMIC_NO_PIC = NO;
				GCC_NO_COMMON_BLOCKS = YES;
				GCC_OPTIMIZATION_LEVEL = 0;
				GCC_PREPROCESSOR_DEFINITIONS = (
					"DEBUG=1",
					"$(inherited)",
				);
				GCC_WARN_64_TO_32_BIT_CONVERSION = YES;
				GCC_WARN_ABOUT_RETURN_TYPE = YES_ERROR;
				GCC_WARN_UNDECLARED_SELECTOR = YES;
				GCC_WARN_UNINITIALIZED_AUTOS = YES_AGGRESSIVE;
				GCC_WARN_UNUSED_FUNCTION = YES;
				GCC_WARN_UNUSED_VARIABLE = YES;
				IPHONEOS_DEPLOYMENT_TARGET = 13.6;
				MTL_ENABLE_DEBUG_INFO = INCLUDE_SOURCE;
				MTL_FAST_MATH = YES;
				ONLY_ACTIVE_ARCH = YES;
				SDKROOT = iphoneos;
				SWIFT_ACTIVE_COMPILATION_CONDITIONS = DEBUG;
				SWIFT_OPTIMIZATION_LEVEL = "-Onone";
			};
			name = Debug;
		};
		B5F46A7A2500D53700159C91 /* Release */ = {
			isa = XCBuildConfiguration;
			buildSettings = {
				ALWAYS_SEARCH_USER_PATHS = NO;
				CLANG_ANALYZER_NONNULL = YES;
				CLANG_ANALYZER_NUMBER_OBJECT_CONVERSION = YES_AGGRESSIVE;
				CLANG_CXX_LANGUAGE_STANDARD = "gnu++14";
				CLANG_CXX_LIBRARY = "libc++";
				CLANG_ENABLE_MODULES = YES;
				CLANG_ENABLE_OBJC_ARC = YES;
				CLANG_ENABLE_OBJC_WEAK = YES;
				CLANG_WARN_BLOCK_CAPTURE_AUTORELEASING = YES;
				CLANG_WARN_BOOL_CONVERSION = YES;
				CLANG_WARN_COMMA = YES;
				CLANG_WARN_CONSTANT_CONVERSION = YES;
				CLANG_WARN_DEPRECATED_OBJC_IMPLEMENTATIONS = YES;
				CLANG_WARN_DIRECT_OBJC_ISA_USAGE = YES_ERROR;
				CLANG_WARN_DOCUMENTATION_COMMENTS = YES;
				CLANG_WARN_EMPTY_BODY = YES;
				CLANG_WARN_ENUM_CONVERSION = YES;
				CLANG_WARN_INFINITE_RECURSION = YES;
				CLANG_WARN_INT_CONVERSION = YES;
				CLANG_WARN_NON_LITERAL_NULL_CONVERSION = YES;
				CLANG_WARN_OBJC_IMPLICIT_RETAIN_SELF = YES;
				CLANG_WARN_OBJC_LITERAL_CONVERSION = YES;
				CLANG_WARN_OBJC_ROOT_CLASS = YES_ERROR;
				CLANG_WARN_RANGE_LOOP_ANALYSIS = YES;
				CLANG_WARN_STRICT_PROTOTYPES = YES;
				CLANG_WARN_SUSPICIOUS_MOVE = YES;
				CLANG_WARN_UNGUARDED_AVAILABILITY = YES_AGGRESSIVE;
				CLANG_WARN_UNREACHABLE_CODE = YES;
				CLANG_WARN__DUPLICATE_METHOD_MATCH = YES;
				COPY_PHASE_STRIP = NO;
				DEBUG_INFORMATION_FORMAT = "dwarf-with-dsym";
				ENABLE_NS_ASSERTIONS = NO;
				ENABLE_STRICT_OBJC_MSGSEND = YES;
				GCC_C_LANGUAGE_STANDARD = gnu11;
				GCC_NO_COMMON_BLOCKS = YES;
				GCC_WARN_64_TO_32_BIT_CONVERSION = YES;
				GCC_WARN_ABOUT_RETURN_TYPE = YES_ERROR;
				GCC_WARN_UNDECLARED_SELECTOR = YES;
				GCC_WARN_UNINITIALIZED_AUTOS = YES_AGGRESSIVE;
				GCC_WARN_UNUSED_FUNCTION = YES;
				GCC_WARN_UNUSED_VARIABLE = YES;
				IPHONEOS_DEPLOYMENT_TARGET = 13.6;
				MTL_ENABLE_DEBUG_INFO = NO;
				MTL_FAST_MATH = YES;
				SDKROOT = iphoneos;
				SWIFT_COMPILATION_MODE = wholemodule;
				SWIFT_OPTIMIZATION_LEVEL = "-O";
				VALIDATE_PRODUCT = YES;
			};
			name = Release;
		};
		B5F46A7C2500D53700159C91 /* Debug */ = {
			isa = XCBuildConfiguration;
			baseConfigurationReference = 2FDD965D5BE055074426088E /* Pods-SPVision.debug.xcconfig */;
			buildSettings = {
				ASSETCATALOG_COMPILER_APPICON_NAME = AppIcon;
				CODE_SIGN_STYLE = Automatic;
				DEVELOPMENT_TEAM = 33KNDCTVXS;
				INFOPLIST_FILE = SPVision/Info.plist;
				LD_RUNPATH_SEARCH_PATHS = (
					"$(inherited)",
					"@executable_path/Frameworks",
				);
				PRODUCT_BUNDLE_IDENTIFIER = com.dreamingreality.spvision.SPVision;
				PRODUCT_NAME = "$(TARGET_NAME)";
				SWIFT_VERSION = 5.0;
				TARGETED_DEVICE_FAMILY = "1,2";
			};
			name = Debug;
		};
		B5F46A7D2500D53700159C91 /* Release */ = {
			isa = XCBuildConfiguration;
			baseConfigurationReference = 49E121C9E146969FFC5426AE /* Pods-SPVision.release.xcconfig */;
			buildSettings = {
				ASSETCATALOG_COMPILER_APPICON_NAME = AppIcon;
				CODE_SIGN_STYLE = Automatic;
				DEVELOPMENT_TEAM = 33KNDCTVXS;
				INFOPLIST_FILE = SPVision/Info.plist;
				LD_RUNPATH_SEARCH_PATHS = (
					"$(inherited)",
					"@executable_path/Frameworks",
				);
				PRODUCT_BUNDLE_IDENTIFIER = com.dreamingreality.spvision.SPVision;
				PRODUCT_NAME = "$(TARGET_NAME)";
				SWIFT_VERSION = 5.0;
				TARGETED_DEVICE_FAMILY = "1,2";
			};
			name = Release;
		};
		B5F46A7F2500D53700159C91 /* Debug */ = {
			isa = XCBuildConfiguration;
			baseConfigurationReference = 43D6FCD34067BD1A53DC0AB6 /* Pods-SPVisionTests.debug.xcconfig */;
			buildSettings = {
				ALWAYS_EMBED_SWIFT_STANDARD_LIBRARIES = YES;
				BUNDLE_LOADER = "$(TEST_HOST)";
				CODE_SIGN_STYLE = Automatic;
				DEVELOPMENT_TEAM = 33KNDCTVXS;
				INFOPLIST_FILE = SPVisionTests/Info.plist;
				IPHONEOS_DEPLOYMENT_TARGET = 13.6;
				LD_RUNPATH_SEARCH_PATHS = (
					"$(inherited)",
					"@executable_path/Frameworks",
					"@loader_path/Frameworks",
				);
				PRODUCT_BUNDLE_IDENTIFIER = com.dreamingreality.spvision.SPVisionTests;
				PRODUCT_NAME = "$(TARGET_NAME)";
				SWIFT_VERSION = 5.0;
				TARGETED_DEVICE_FAMILY = "1,2";
				TEST_HOST = "$(BUILT_PRODUCTS_DIR)/SPVision.app/SPVision";
			};
			name = Debug;
		};
		B5F46A802500D53700159C91 /* Release */ = {
			isa = XCBuildConfiguration;
			baseConfigurationReference = 54A48848F71E1CA339F03F8A /* Pods-SPVisionTests.release.xcconfig */;
			buildSettings = {
				ALWAYS_EMBED_SWIFT_STANDARD_LIBRARIES = YES;
				BUNDLE_LOADER = "$(TEST_HOST)";
				CODE_SIGN_STYLE = Automatic;
				DEVELOPMENT_TEAM = 33KNDCTVXS;
				INFOPLIST_FILE = SPVisionTests/Info.plist;
				IPHONEOS_DEPLOYMENT_TARGET = 13.6;
				LD_RUNPATH_SEARCH_PATHS = (
					"$(inherited)",
					"@executable_path/Frameworks",
					"@loader_path/Frameworks",
				);
				PRODUCT_BUNDLE_IDENTIFIER = com.dreamingreality.spvision.SPVisionTests;
				PRODUCT_NAME = "$(TARGET_NAME)";
				SWIFT_VERSION = 5.0;
				TARGETED_DEVICE_FAMILY = "1,2";
				TEST_HOST = "$(BUILT_PRODUCTS_DIR)/SPVision.app/SPVision";
			};
			name = Release;
		};
		B5F46A822500D53700159C91 /* Debug */ = {
			isa = XCBuildConfiguration;
			baseConfigurationReference = 1F072205092CB43CF1D9F837 /* Pods-SPVision-SPVisionUITests.debug.xcconfig */;
			buildSettings = {
				ALWAYS_EMBED_SWIFT_STANDARD_LIBRARIES = YES;
				CODE_SIGN_STYLE = Automatic;
				DEVELOPMENT_TEAM = 33KNDCTVXS;
				INFOPLIST_FILE = SPVisionUITests/Info.plist;
				LD_RUNPATH_SEARCH_PATHS = (
					"$(inherited)",
					"@executable_path/Frameworks",
					"@loader_path/Frameworks",
				);
				PRODUCT_BUNDLE_IDENTIFIER = com.dreamingreality.spvision.SPVisionUITests;
				PRODUCT_NAME = "$(TARGET_NAME)";
				SWIFT_VERSION = 5.0;
				TARGETED_DEVICE_FAMILY = "1,2";
				TEST_TARGET_NAME = SPVision;
			};
			name = Debug;
		};
		B5F46A832500D53700159C91 /* Release */ = {
			isa = XCBuildConfiguration;
			baseConfigurationReference = 315F3C76CC0F3AE7DA0254A1 /* Pods-SPVision-SPVisionUITests.release.xcconfig */;
			buildSettings = {
				ALWAYS_EMBED_SWIFT_STANDARD_LIBRARIES = YES;
				CODE_SIGN_STYLE = Automatic;
				DEVELOPMENT_TEAM = 33KNDCTVXS;
				INFOPLIST_FILE = SPVisionUITests/Info.plist;
				LD_RUNPATH_SEARCH_PATHS = (
					"$(inherited)",
					"@executable_path/Frameworks",
					"@loader_path/Frameworks",
				);
				PRODUCT_BUNDLE_IDENTIFIER = com.dreamingreality.spvision.SPVisionUITests;
				PRODUCT_NAME = "$(TARGET_NAME)";
				SWIFT_VERSION = 5.0;
				TARGETED_DEVICE_FAMILY = "1,2";
				TEST_TARGET_NAME = SPVision;
			};
			name = Release;
		};
/* End XCBuildConfiguration section */

/* Begin XCConfigurationList section */
		B5F46A492500D53500159C91 /* Build configuration list for PBXProject "SPVision" */ = {
			isa = XCConfigurationList;
			buildConfigurations = (
				B5F46A792500D53700159C91 /* Debug */,
				B5F46A7A2500D53700159C91 /* Release */,
			);
			defaultConfigurationIsVisible = 0;
			defaultConfigurationName = Release;
		};
		B5F46A7B2500D53700159C91 /* Build configuration list for PBXNativeTarget "SPVision" */ = {
			isa = XCConfigurationList;
			buildConfigurations = (
				B5F46A7C2500D53700159C91 /* Debug */,
				B5F46A7D2500D53700159C91 /* Release */,
			);
			defaultConfigurationIsVisible = 0;
			defaultConfigurationName = Release;
		};
		B5F46A7E2500D53700159C91 /* Build configuration list for PBXNativeTarget "SPVisionTests" */ = {
			isa = XCConfigurationList;
			buildConfigurations = (
				B5F46A7F2500D53700159C91 /* Debug */,
				B5F46A802500D53700159C91 /* Release */,
			);
			defaultConfigurationIsVisible = 0;
			defaultConfigurationName = Release;
		};
		B5F46A812500D53700159C91 /* Build configuration list for PBXNativeTarget "SPVisionUITests" */ = {
			isa = XCConfigurationList;
			buildConfigurations = (
				B5F46A822500D53700159C91 /* Debug */,
				B5F46A832500D53700159C91 /* Release */,
			);
			defaultConfigurationIsVisible = 0;
			defaultConfigurationName = Release;
		};
/* End XCConfigurationList section */

/* Begin XCVersionGroup section */
		B5F46A5A2500D53500159C91 /* SPVision.xcdatamodeld */ = {
			isa = XCVersionGroup;
			children = (
				B5F46A5B2500D53500159C91 /* SPVision.xcdatamodel */,
			);
			currentVersion = B5F46A5B2500D53500159C91 /* SPVision.xcdatamodel */;
			path = SPVision.xcdatamodeld;
			sourceTree = "<group>";
			versionGroupType = wrapper.xcdatamodel;
		};
/* End XCVersionGroup section */
	};
	rootObject = B5F46A462500D53500159C91 /* Project object */;
}
